
Microsoft Visual Studio Solution File, Format Version 12.00
# Visual Studio 15
VisualStudioVersion = 15.0.28010.2046
MinimumVisualStudioVersion = 10.0.40219.1
Project("{8BC9CEB8-8B4A-11D0-8D11-00A0C91BC942}") = "Gaussian Elimination", "Gaussian Elimination\Gaussian Elimination.vcxproj", "{99798BB3-8240-43EC-8CAB-57F3169EF32A}"
EndProject
Project("{8BC9CEB8-8B4A-11D0-8D11-00A0C91BC942}") = "Triangular Decomposition", "Triangular Decomposition\Triangular Decomposition.vcxproj", "{D366D093-9808-4416-A62F-4D7A5D51A1E2}"
EndProject
Project("{8BC9CEB8-8B4A-11D0-8D11-00A0C91BC942}") = "exp1", "exp1\exp1.vcxproj", "{B41F3F54-7515-46A8-933E-1D9D3F77498D}"
EndProject
Project("{8BC9CEB8-8B4A-11D0-8D11-00A0C91BC942}") = "exp2", "exp2\exp2.vcxproj", "{D2192B4B-1D07-4817-A8BA-54F32AEFCBBA}"
EndProject
Project("{8BC9CEB8-8B4A-11D0-8D11-00A0C91BC942}") = "exp3", "exp3\exp3.vcxproj", "{2ABA56BF-C091-41F1-9871-415636855222}"
EndProject
Global
	GlobalSection(SolutionConfigurationPlatforms) = preSolution
		Debug|x64 = Debug|x64
		Debug|x86 = Debug|x86
		Release|x64 = Release|x64
		Release|x86 = Release|x86
	EndGlobalSection
	GlobalSection(ProjectConfigurationPlatforms) = postSolution
		{99798BB3-8240-43EC-8CAB-57F3169EF32A}.Debug|x64.ActiveCfg = Debug|x64
		{99798BB3-8240-43EC-8CAB-57F3169EF32A}.Debug|x64.Build.0 = Debug|x64
		{99798BB3-8240-43EC-8CAB-57F3169EF32A}.Debug|x86.ActiveCfg = Debug|Win32
		{99798BB3-8240-43EC-8CAB-57F3169EF32A}.Debug|x86.Build.0 = Debug|Win32
		{99798BB3-8240-43EC-8CAB-57F3169EF32A}.Release|x64.ActiveCfg = Release|x64
		{99798BB3-8240-43EC-8CAB-57F3169EF32A}.Release|x64.Build.0 = Release|x64
		{99798BB3-8240-43EC-8CAB-57F3169EF32A}.Release|x86.ActiveCfg = Release|Win32
		{99798BB3-8240-43EC-8CAB-57F3169EF32A}.Release|x86.Build.0 = Release|Win32
		{D366D093-9808-4416-A62F-4D7A5D51A1E2}.Debug|x64.ActiveCfg = Debug|x64
		{D366D093-9808-4416-A62F-4D7A5D51A1E2}.Debug|x64.Build.0 = Debug|x64
		{D366D093-9808-4416-A62F-4D7A5D51A1E2}.Debug|x86.ActiveCfg = Debug|Win32
		{D366D093-9808-4416-A62F-4D7A5D51A1E2}.Debug|x86.Build.0 = Debug|Win32
		{D366D093-9808-4416-A62F-4D7A5D51A1E2}.Release|x64.ActiveCfg = Release|x64
		{D366D093-9808-4416-A62F-4D7A5D51A1E2}.Release|x64.Build.0 = Release|x64
		{D366D093-9808-4416-A62F-4D7A5D51A1E2}.Release|x86.ActiveCfg = Release|Win32
		{D366D093-9808-4416-A62F-4D7A5D51A1E2}.Release|x86.Build.0 = Release|Win32
		{B41F3F54-7515-46A8-933E-1D9D3F77498D}.Debug|x64.ActiveCfg = Debug|x64
		{B41F3F54-7515-46A8-933E-1D9D3F77498D}.Debug|x64.Build.0 = Debug|x64
		{B41F3F54-7515-46A8-933E-1D9D3F77498D}.Debug|x86.ActiveCfg = Debug|Win32
		{B41F3F54-7515-46A8-933E-1D9D3F77498D}.Debug|x86.Build.0 = Debug|Win32
		{B41F3F54-7515-46A8-933E-1D9D3F77498D}.Release|x64.ActiveCfg = Release|x64
		{B41F3F54-7515-46A8-933E-1D9D3F77498D}.Release|x64.Build.0 = Release|x64
		{B41F3F54-7515-46A8-933E-1D9D3F77498D}.Release|x86.ActiveCfg = Release|Win32
		{B41F3F54-7515-46A8-933E-1D9D3F77498D}.Release|x86.Build.0 = Release|Win32
		{D2192B4B-1D07-4817-A8BA-54F32AEFCBBA}.Debug|x64.ActiveCfg = Debug|x64
		{D2192B4B-1D07-4817-A8BA-54F32AEFCBBA}.Debug|x64.Build.0 = Debug|x64
		{D2192B4B-1D07-4817-A8BA-54F32AEFCBBA}.Debug|x86.ActiveCfg = Debug|Win32
		{D2192B4B-1D07-4817-A8BA-54F32AEFCBBA}.Debug|x86.Build.0 = Debug|Win32
		{D2192B4B-1D07-4817-A8BA-54F32AEFCBBA}.Release|x64.ActiveCfg = Release|x64
		{D2192B4B-1D07-4817-A8BA-54F32AEFCBBA}.Release|x64.Build.0 = Release|x64
		{D2192B4B-1D07-4817-A8BA-54F32AEFCBBA}.Release|x86.ActiveCfg = Release|Win32
		{D2192B4B-1D07-4817-A8BA-54F32AEFCBBA}.Release|x86.Build.0 = Release|Win32
		{2ABA56BF-C091-41F1-9871-415636855222}.Debug|x64.ActiveCfg = Debug|x64
		{2ABA56BF-C091-41F1-9871-415636855222}.Debug|x64.Build.0 = Debug|x64
		{2ABA56BF-C091-41F1-9871-415636855222}.Debug|x86.ActiveCfg = Debug|Win32
		{2ABA56BF-C091-41F1-9871-415636855222}.Debug|x86.Build.0 = Debug|Win32
		{2ABA56BF-C091-41F1-9871-415636855222}.Release|x64.ActiveCfg = Release|x64
		{2ABA56BF-C091-41F1-9871-415636855222}.Release|x64.Build.0 = Release|x64
		{2ABA56BF-C091-41F1-9871-415636855222}.Release|x86.ActiveCfg = Release|Win32
		{2ABA56BF-C091-41F1-9871-415636855222}.Release|x86.Build.0 = Release|Win32
	EndGlobalSection
	GlobalSection(SolutionProperties) = preSolution
		HideSolutionNode = FALSE
	EndGlobalSection
	GlobalSection(ExtensibilityGlobals) = postSolution
		SolutionGuid = {88A64D8F-913C-4A6C-B728-BD26BB6E8BDC}
	EndGlobalSection
EndGlobal
